
Microsoft Visual Studio Solution File, Format Version 12.00
# Visual Studio 15
VisualStudioVersion = 15.0.28307.1684
MinimumVisualStudioVersion = 10.0.40219.1
Project("{FAE04EC0-301F-11D3-BF4B-00C04F79EFBC}") = "PersonalSiteMVC.UI", "PersonalSiteMVC.UI.csproj", "{928E5CFB-3F37-4B8A-A48B-9DA344D8B89F}"
EndProject
Global
	GlobalSection(SolutionConfigurationPlatforms) = preSolution
		Debug|Any CPU = Debug|Any CPU
		Release|Any CPU = Release|Any CPU
	EndGlobalSection
	GlobalSection(ProjectConfigurationPlatforms) = postSolution
		{928E5CFB-3F37-4B8A-A48B-9DA344D8B89F}.Debug|Any CPU.ActiveCfg = Debug|Any CPU
		{928E5CFB-3F37-4B8A-A48B-9DA344D8B89F}.Debug|Any CPU.Build.0 = Debug|Any CPU
		{928E5CFB-3F37-4B8A-A48B-9DA344D8B89F}.Release|Any CPU.ActiveCfg = Release|Any CPU
		{928E5CFB-3F37-4B8A-A48B-9DA344D8B89F}.Release|Any CPU.Build.0 = Release|Any CPU
	EndGlobalSection
	GlobalSection(SolutionProperties) = preSolution
		HideSolutionNode = FALSE
	EndGlobalSection
	GlobalSection(ExtensibilityGlobals) = postSolution
		SolutionGuid = {D1FF4BF5-6052-46D5-93A5-3D1C319D22F4}
	EndGlobalSection
EndGlobal
